
Microsoft Visual Studio Solution File, Format Version 12.00
# Visual Studio Version 17
Project("{8BC9CEB8-8B4A-11D0-8D11-00A0C91BC942}") = "ALL_BUILD", "ALL_BUILD.vcxproj", "{5BBAB7F6-7A99-3244-94F3-3326D941D26E}"
	ProjectSection(ProjectDependencies) = postProject
		{DEC7C38F-9FC7-3C54-AE13-6F1245E4E49F} = {DEC7C38F-9FC7-3C54-AE13-6F1245E4E49F}
		{106E2B76-A973-31AC-996B-03B71B1FCEE7} = {106E2B76-A973-31AC-996B-03B71B1FCEE7}
	EndProjectSection
EndProject
Project("{8BC9CEB8-8B4A-11D0-8D11-00A0C91BC942}") = "VoxelEngine", "VoxelEngine.vcxproj", "{DEC7C38F-9FC7-3C54-AE13-6F1245E4E49F}"
	ProjectSection(ProjectDependencies) = postProject
		{106E2B76-A973-31AC-996B-03B71B1FCEE7} = {106E2B76-A973-31AC-996B-03B71B1FCEE7}
	EndProjectSection
EndProject
Project("{8BC9CEB8-8B4A-11D0-8D11-00A0C91BC942}") = "ZERO_CHECK", "ZERO_CHECK.vcxproj", "{106E2B76-A973-31AC-996B-03B71B1FCEE7}"
	ProjectSection(ProjectDependencies) = postProject
	EndProjectSection
EndProject
Global
	GlobalSection(SolutionConfigurationPlatforms) = preSolution
		Debug|x64 = Debug|x64
		Release|x64 = Release|x64
		MinSizeRel|x64 = MinSizeRel|x64
		RelWithDebInfo|x64 = RelWithDebInfo|x64
	EndGlobalSection
	GlobalSection(ProjectConfigurationPlatforms) = postSolution
		{5BBAB7F6-7A99-3244-94F3-3326D941D26E}.Debug|x64.ActiveCfg = Debug|x64
		{5BBAB7F6-7A99-3244-94F3-3326D941D26E}.Release|x64.ActiveCfg = Release|x64
		{5BBAB7F6-7A99-3244-94F3-3326D941D26E}.MinSizeRel|x64.ActiveCfg = MinSizeRel|x64
		{5BBAB7F6-7A99-3244-94F3-3326D941D26E}.RelWithDebInfo|x64.ActiveCfg = RelWithDebInfo|x64
		{DEC7C38F-9FC7-3C54-AE13-6F1245E4E49F}.Debug|x64.ActiveCfg = Debug|x64
		{DEC7C38F-9FC7-3C54-AE13-6F1245E4E49F}.Debug|x64.Build.0 = Debug|x64
		{DEC7C38F-9FC7-3C54-AE13-6F1245E4E49F}.Release|x64.ActiveCfg = Release|x64
		{DEC7C38F-9FC7-3C54-AE13-6F1245E4E49F}.Release|x64.Build.0 = Release|x64
		{DEC7C38F-9FC7-3C54-AE13-6F1245E4E49F}.MinSizeRel|x64.ActiveCfg = MinSizeRel|x64
		{DEC7C38F-9FC7-3C54-AE13-6F1245E4E49F}.MinSizeRel|x64.Build.0 = MinSizeRel|x64
		{DEC7C38F-9FC7-3C54-AE13-6F1245E4E49F}.RelWithDebInfo|x64.ActiveCfg = RelWithDebInfo|x64
		{DEC7C38F-9FC7-3C54-AE13-6F1245E4E49F}.RelWithDebInfo|x64.Build.0 = RelWithDebInfo|x64
		{106E2B76-A973-31AC-996B-03B71B1FCEE7}.Debug|x64.ActiveCfg = Debug|x64
		{106E2B76-A973-31AC-996B-03B71B1FCEE7}.Debug|x64.Build.0 = Debug|x64
		{106E2B76-A973-31AC-996B-03B71B1FCEE7}.Release|x64.ActiveCfg = Release|x64
		{106E2B76-A973-31AC-996B-03B71B1FCEE7}.Release|x64.Build.0 = Release|x64
		{106E2B76-A973-31AC-996B-03B71B1FCEE7}.MinSizeRel|x64.ActiveCfg = MinSizeRel|x64
		{106E2B76-A973-31AC-996B-03B71B1FCEE7}.MinSizeRel|x64.Build.0 = MinSizeRel|x64
		{106E2B76-A973-31AC-996B-03B71B1FCEE7}.RelWithDebInfo|x64.ActiveCfg = RelWithDebInfo|x64
		{106E2B76-A973-31AC-996B-03B71B1FCEE7}.RelWithDebInfo|x64.Build.0 = RelWithDebInfo|x64
	EndGlobalSection
	GlobalSection(ExtensibilityGlobals) = postSolution
		SolutionGuid = {2C19B02D-0B02-3E6A-9E65-A5553AA9DBDB}
	EndGlobalSection
	GlobalSection(ExtensibilityAddIns) = postSolution
	EndGlobalSection
EndGlobal
